
Microsoft Visual Studio Solution File, Format Version 12.00
# Visual Studio Version 16
VisualStudioVersion = 16.0.29418.71
MinimumVisualStudioVersion = 10.0.40219.1
Project("{FAE04EC0-301F-11D3-BF4B-00C04F79EFBC}") = "K8s.Test1", "K8s.Test1.csproj", "{9D34DB47-865A-454A-A482-3883DFB4B178}"
EndProject
Global
	GlobalSection(SolutionConfigurationPlatforms) = preSolution
		Debug|Any CPU = Debug|Any CPU
		Release|Any CPU = Release|Any CPU
	EndGlobalSection
	GlobalSection(ProjectConfigurationPlatforms) = postSolution
		{9D34DB47-865A-454A-A482-3883DFB4B178}.Debug|Any CPU.ActiveCfg = Debug|Any CPU
		{9D34DB47-865A-454A-A482-3883DFB4B178}.Debug|Any CPU.Build.0 = Debug|Any CPU
		{9D34DB47-865A-454A-A482-3883DFB4B178}.Release|Any CPU.ActiveCfg = Release|Any CPU
		{9D34DB47-865A-454A-A482-3883DFB4B178}.Release|Any CPU.Build.0 = Release|Any CPU
	EndGlobalSection
	GlobalSection(SolutionProperties) = preSolution
		HideSolutionNode = FALSE
	EndGlobalSection
	GlobalSection(ExtensibilityGlobals) = postSolution
		SolutionGuid = {D50F1BDA-E005-492C-BC4E-114466D80DD1}
	EndGlobalSection
EndGlobal
